
Microsoft Visual Studio Solution File, Format Version 10.00
# Visual Studio 2008
Project("{8BC9CEB8-8B4A-11D0-8D11-00A0C91BC942}") = "KaiAtl", "KaiAtl.vcproj", "{6C101CAF-8013-499B-AEC2-080162AB5815}"
EndProject
Project("{8BC9CEB8-8B4A-11D0-8D11-00A0C91BC942}") = "KaiAtlPS", "KaiAtlPS.vcproj", "{857EC2D0-975B-44B9-BC12-B80A518FE032}"
	ProjectSection(ProjectDependencies) = postProject
		{6C101CAF-8013-499B-AEC2-080162AB5815} = {6C101CAF-8013-499B-AEC2-080162AB5815}
	EndProjectSection
EndProject
Global
	GlobalSection(SolutionConfigurationPlatforms) = preSolution
		Debug|Win32 = Debug|Win32
		Release|Win32 = Release|Win32
	EndGlobalSection
	GlobalSection(ProjectConfigurationPlatforms) = postSolution
		{6C101CAF-8013-499B-AEC2-080162AB5815}.Debug|Win32.ActiveCfg = Debug|Win32
		{6C101CAF-8013-499B-AEC2-080162AB5815}.Debug|Win32.Build.0 = Debug|Win32
		{6C101CAF-8013-499B-AEC2-080162AB5815}.Release|Win32.ActiveCfg = Release|Win32
		{6C101CAF-8013-499B-AEC2-080162AB5815}.Release|Win32.Build.0 = Release|Win32
		{857EC2D0-975B-44B9-BC12-B80A518FE032}.Debug|Win32.ActiveCfg = Debug|Win32
		{857EC2D0-975B-44B9-BC12-B80A518FE032}.Release|Win32.ActiveCfg = Release|Win32
	EndGlobalSection
	GlobalSection(SolutionProperties) = preSolution
		HideSolutionNode = FALSE
	EndGlobalSection
EndGlobal
